// !$*UTF8*$!
{
	archiveVersion = 1;
	classes = {
	};
	objectVersion = 56;
	objects = {

/* Begin PBXBuildFile section */
		2D6A4A4E0B1BF01A93DC31F5 /* Pods_ABP_iOSTests.framework in Frameworks */ = {isa = PBXBuildFile; fileRef = 507670C5AB295F2F7D71B345 /* Pods_ABP_iOSTests.framework */; };
		325199B12AEA8ADD00AF588E /* API-KEY.plist in Resources */ = {isa = PBXBuildFile; fileRef = 325199B02AEA8ADD00AF588E /* API-KEY.plist */; };
		32C5BDF12AC79B80007E7D4E /* Bundle+Extensions.swift in Sources */ = {isa = PBXBuildFile; fileRef = 32C5BDF02AC79B80007E7D4E /* Bundle+Extensions.swift */; };
		32C5BDF32AC7B3DB007E7D4E /* CoreLocation.framework in Frameworks */ = {isa = PBXBuildFile; fileRef = 32C5BDF22AC7B3DB007E7D4E /* CoreLocation.framework */; };
		32D6DE6C2AD1366B00385C55 /* StadiumWeatherCell.swift in Sources */ = {isa = PBXBuildFile; fileRef = 32D6DE6B2AD1366B00385C55 /* StadiumWeatherCell.swift */; };
		32D6DE6E2AD1B4A100385C55 /* SearchAddressViewController.swift in Sources */ = {isa = PBXBuildFile; fileRef = 32D6DE6D2AD1B4A100385C55 /* SearchAddressViewController.swift */; };
		32D6DE702AD1B4B400385C55 /* SearchAddressViewController.storyboard in Resources */ = {isa = PBXBuildFile; fileRef = 32D6DE6F2AD1B4B400385C55 /* SearchAddressViewController.storyboard */; };
		32D6DE722AD2848100385C55 /* SendDataDelegate.swift in Sources */ = {isa = PBXBuildFile; fileRef = 32D6DE712AD2848100385C55 /* SendDataDelegate.swift */; };
		32D6DE742AD28CC200385C55 /* AddressModel.swift in Sources */ = {isa = PBXBuildFile; fileRef = 32D6DE732AD28CC200385C55 /* AddressModel.swift */; };
		32D6DE762AD28DD300385C55 /* StadiumAddressViewModel.swift in Sources */ = {isa = PBXBuildFile; fileRef = 32D6DE752AD28DD300385C55 /* StadiumAddressViewModel.swift */; };
		32D724412AC3F2E7005DDBBC /* HomeRunDirectionViewController.storyboard in Resources */ = {isa = PBXBuildFile; fileRef = 32D724402AC3F2E7005DDBBC /* HomeRunDirectionViewController.storyboard */; };
		32D724432AC3F4B8005DDBBC /* TimerViewController.swift in Sources */ = {isa = PBXBuildFile; fileRef = 32D724422AC3F4B8005DDBBC /* TimerViewController.swift */; };
		32D724452AC3F4C6005DDBBC /* TimerViewController.storyboard in Resources */ = {isa = PBXBuildFile; fileRef = 32D724442AC3F4C6005DDBBC /* TimerViewController.storyboard */; };
		32D7244A2AC3F834005DDBBC /* RefereeCounterViewModel.swift in Sources */ = {isa = PBXBuildFile; fileRef = 32D724492AC3F834005DDBBC /* RefereeCounterViewModel.swift */; };
		32D7244F2AC3FBC1005DDBBC /* UIViewController+Extensions.swift in Sources */ = {isa = PBXBuildFile; fileRef = 32D7244E2AC3FBC1005DDBBC /* UIViewController+Extensions.swift */; };
		32E703922AEA8B7A007AD19F /* WetherModel.swift in Sources */ = {isa = PBXBuildFile; fileRef = 32E703912AEA8B7A007AD19F /* WetherModel.swift */; };
		55C0CDF7789F3EF23EB46AA8 /* Pods_ABP_iOS.framework in Frameworks */ = {isa = PBXBuildFile; fileRef = F911E06C5521A2F662FF6F18 /* Pods_ABP_iOS.framework */; };
		5E01C8182B1575CC0073E60A /* HomeRunDirectionViewModel.swift in Sources */ = {isa = PBXBuildFile; fileRef = 5E01C8172B1575CC0073E60A /* HomeRunDirectionViewModel.swift */; };
		5E01C81A2B1581A60073E60A /* CoreLocation+Extension.swift in Sources */ = {isa = PBXBuildFile; fileRef = 5E01C8192B1581A60073E60A /* CoreLocation+Extension.swift */; };
		5E1E413A2AE9EDB1001AFE59 /* APIService.swift in Sources */ = {isa = PBXBuildFile; fileRef = 5E1E41392AE9EDB1001AFE59 /* APIService.swift */; };
		5E47A7952AC15D8400F67449 /* AppDelegate.swift in Sources */ = {isa = PBXBuildFile; fileRef = 5E47A7942AC15D8400F67449 /* AppDelegate.swift */; };
		5E47A7972AC15D8400F67449 /* SceneDelegate.swift in Sources */ = {isa = PBXBuildFile; fileRef = 5E47A7962AC15D8400F67449 /* SceneDelegate.swift */; };
		5E47A79C2AC15D8400F67449 /* Main.storyboard in Resources */ = {isa = PBXBuildFile; fileRef = 5E47A79A2AC15D8400F67449 /* Main.storyboard */; };
		5E47A79F2AC15D8400F67449 /* ABP_iOS.xcdatamodeld in Sources */ = {isa = PBXBuildFile; fileRef = 5E47A79D2AC15D8400F67449 /* ABP_iOS.xcdatamodeld */; };
		5E47A7A12AC15D8500F67449 /* Assets.xcassets in Resources */ = {isa = PBXBuildFile; fileRef = 5E47A7A02AC15D8500F67449 /* Assets.xcassets */; };
		5E47A7A42AC15D8500F67449 /* LaunchScreen.storyboard in Resources */ = {isa = PBXBuildFile; fileRef = 5E47A7A22AC15D8500F67449 /* LaunchScreen.storyboard */; };
		5E47A7AF2AC15D8500F67449 /* ABP_iOSTests.swift in Sources */ = {isa = PBXBuildFile; fileRef = 5E47A7AE2AC15D8500F67449 /* ABP_iOSTests.swift */; };
		5E47A7B92AC15D8600F67449 /* ABP_iOSUITests.swift in Sources */ = {isa = PBXBuildFile; fileRef = 5E47A7B82AC15D8600F67449 /* ABP_iOSUITests.swift */; };
		5E47A7BB2AC15D8600F67449 /* ABP_iOSUITestsLaunchTests.swift in Sources */ = {isa = PBXBuildFile; fileRef = 5E47A7BA2AC15D8600F67449 /* ABP_iOSUITestsLaunchTests.swift */; };
		5E47A7CD2AC16D1C00F67449 /* RefereeCounterViewController.swift in Sources */ = {isa = PBXBuildFile; fileRef = 5E47A7CC2AC16D1C00F67449 /* RefereeCounterViewController.swift */; };
		5E47A7D12AC174BD00F67449 /* StadiumWeatherViewController.swift in Sources */ = {isa = PBXBuildFile; fileRef = 5E47A7D02AC174BD00F67449 /* StadiumWeatherViewController.swift */; };
		5E47A7D32AC174D500F67449 /* StadiumWeatherViewController.storyboard in Resources */ = {isa = PBXBuildFile; fileRef = 5E47A7D22AC174D500F67449 /* StadiumWeatherViewController.storyboard */; };
		5E47A7D52AC174FC00F67449 /* RefereeCounterViewController.storyboard in Resources */ = {isa = PBXBuildFile; fileRef = 5E47A7D42AC174FC00F67449 /* RefereeCounterViewController.storyboard */; };
		5E47A7D72AC2CE7E00F67449 /* ScoreBoard.swift in Sources */ = {isa = PBXBuildFile; fileRef = 5E47A7D62AC2CE7E00F67449 /* ScoreBoard.swift */; };
		5E7176612B147AB700ACE6E1 /* HomeRunDirectionViewController.swift in Sources */ = {isa = PBXBuildFile; fileRef = 5E7176602B147AB700ACE6E1 /* HomeRunDirectionViewController.swift */; };
		5E8B1BAE2AEB70DD008E25DC /* WetherState.swift in Sources */ = {isa = PBXBuildFile; fileRef = 5E8B1BAD2AEB70DD008E25DC /* WetherState.swift */; };
		5E9C6E7A2AD52B4E00B8621A /* DetailStadiumWetherViewController.swift in Sources */ = {isa = PBXBuildFile; fileRef = 5E9C6E792AD52B4E00B8621A /* DetailStadiumWetherViewController.swift */; };
		5E9C6E7D2AD52B8000B8621A /* DetailStadiumWetherViewController.storyboard in Resources */ = {isa = PBXBuildFile; fileRef = 5E9C6E7C2AD52B8000B8621A /* DetailStadiumWetherViewController.storyboard */; };
		5EC6CB362ACD61D20037F381 /* StadiumWeatherViewModel.swift in Sources */ = {isa = PBXBuildFile; fileRef = 5EC6CB352ACD61D20037F381 /* StadiumWeatherViewModel.swift */; };
		DE5BB5A4ADB4D443708E39E1 /* Pods_ABP_iOS_ABP_iOSUITests.framework in Frameworks */ = {isa = PBXBuildFile; fileRef = 40E817283591A08FC3A28969 /* Pods_ABP_iOS_ABP_iOSUITests.framework */; };
/* End PBXBuildFile section */

/* Begin PBXContainerItemProxy section */
		5E47A7AB2AC15D8500F67449 /* PBXContainerItemProxy */ = {
			isa = PBXContainerItemProxy;
			containerPortal = 5E47A7892AC15D8400F67449 /* Project object */;
			proxyType = 1;
			remoteGlobalIDString = 5E47A7902AC15D8400F67449;
			remoteInfo = ABP_iOS;
		};
		5E47A7B52AC15D8600F67449 /* PBXContainerItemProxy */ = {
			isa = PBXContainerItemProxy;
			containerPortal = 5E47A7892AC15D8400F67449 /* Project object */;
			proxyType = 1;
			remoteGlobalIDString = 5E47A7902AC15D8400F67449;
			remoteInfo = ABP_iOS;
		};
/* End PBXContainerItemProxy section */

/* Begin PBXFileReference section */
		325199B02AEA8ADD00AF588E /* API-KEY.plist */ = {isa = PBXFileReference; lastKnownFileType = text.plist.xml; path = "API-KEY.plist"; sourceTree = "<group>"; };
		32C5BDEC2AC79AB9007E7D4E /* NMapsMap.xcframework */ = {isa = PBXFileReference; lastKnownFileType = wrapper.xcframework; name = NMapsMap.xcframework; path = Pods/NMapsMap/framework/NMapsMap.xcframework; sourceTree = "<group>"; };
		32C5BDF02AC79B80007E7D4E /* Bundle+Extensions.swift */ = {isa = PBXFileReference; lastKnownFileType = sourcecode.swift; path = "Bundle+Extensions.swift"; sourceTree = "<group>"; };
		32C5BDF22AC7B3DB007E7D4E /* CoreLocation.framework */ = {isa = PBXFileReference; lastKnownFileType = wrapper.framework; name = CoreLocation.framework; path = System/Library/Frameworks/CoreLocation.framework; sourceTree = SDKROOT; };
		32D6DE6B2AD1366B00385C55 /* StadiumWeatherCell.swift */ = {isa = PBXFileReference; lastKnownFileType = sourcecode.swift; path = StadiumWeatherCell.swift; sourceTree = "<group>"; wrapsLines = 0; };
		32D6DE6D2AD1B4A100385C55 /* SearchAddressViewController.swift */ = {isa = PBXFileReference; lastKnownFileType = sourcecode.swift; path = SearchAddressViewController.swift; sourceTree = "<group>"; };
		32D6DE6F2AD1B4B400385C55 /* SearchAddressViewController.storyboard */ = {isa = PBXFileReference; lastKnownFileType = file.storyboard; path = SearchAddressViewController.storyboard; sourceTree = "<group>"; };
		32D6DE712AD2848100385C55 /* SendDataDelegate.swift */ = {isa = PBXFileReference; lastKnownFileType = sourcecode.swift; path = SendDataDelegate.swift; sourceTree = "<group>"; };
		32D6DE732AD28CC200385C55 /* AddressModel.swift */ = {isa = PBXFileReference; lastKnownFileType = sourcecode.swift; path = AddressModel.swift; sourceTree = "<group>"; };
		32D6DE752AD28DD300385C55 /* StadiumAddressViewModel.swift */ = {isa = PBXFileReference; lastKnownFileType = sourcecode.swift; path = StadiumAddressViewModel.swift; sourceTree = "<group>"; };
		32D724402AC3F2E7005DDBBC /* HomeRunDirectionViewController.storyboard */ = {isa = PBXFileReference; lastKnownFileType = file.storyboard; path = HomeRunDirectionViewController.storyboard; sourceTree = "<group>"; };
		32D724422AC3F4B8005DDBBC /* TimerViewController.swift */ = {isa = PBXFileReference; lastKnownFileType = sourcecode.swift; path = TimerViewController.swift; sourceTree = "<group>"; };
		32D724442AC3F4C6005DDBBC /* TimerViewController.storyboard */ = {isa = PBXFileReference; lastKnownFileType = file.storyboard; path = TimerViewController.storyboard; sourceTree = "<group>"; };
		32D724492AC3F834005DDBBC /* RefereeCounterViewModel.swift */ = {isa = PBXFileReference; lastKnownFileType = sourcecode.swift; path = RefereeCounterViewModel.swift; sourceTree = "<group>"; };
		32D7244E2AC3FBC1005DDBBC /* UIViewController+Extensions.swift */ = {isa = PBXFileReference; lastKnownFileType = sourcecode.swift; path = "UIViewController+Extensions.swift"; sourceTree = "<group>"; };
		32E703912AEA8B7A007AD19F /* WetherModel.swift */ = {isa = PBXFileReference; fileEncoding = 4; lastKnownFileType = sourcecode.swift; path = WetherModel.swift; sourceTree = "<group>"; };
		40E817283591A08FC3A28969 /* Pods_ABP_iOS_ABP_iOSUITests.framework */ = {isa = PBXFileReference; explicitFileType = wrapper.framework; includeInIndex = 0; path = Pods_ABP_iOS_ABP_iOSUITests.framework; sourceTree = BUILT_PRODUCTS_DIR; };
		4AA15919D2C79FB844CFF8C7 /* Pods-ABP_iOS-ABP_iOSUITests.release.xcconfig */ = {isa = PBXFileReference; includeInIndex = 1; lastKnownFileType = text.xcconfig; name = "Pods-ABP_iOS-ABP_iOSUITests.release.xcconfig"; path = "Target Support Files/Pods-ABP_iOS-ABP_iOSUITests/Pods-ABP_iOS-ABP_iOSUITests.release.xcconfig"; sourceTree = "<group>"; };
		507670C5AB295F2F7D71B345 /* Pods_ABP_iOSTests.framework */ = {isa = PBXFileReference; explicitFileType = wrapper.framework; includeInIndex = 0; path = Pods_ABP_iOSTests.framework; sourceTree = BUILT_PRODUCTS_DIR; };
		5E01C8172B1575CC0073E60A /* HomeRunDirectionViewModel.swift */ = {isa = PBXFileReference; fileEncoding = 4; lastKnownFileType = sourcecode.swift; path = HomeRunDirectionViewModel.swift; sourceTree = "<group>"; };
		5E01C8192B1581A60073E60A /* CoreLocation+Extension.swift */ = {isa = PBXFileReference; lastKnownFileType = sourcecode.swift; path = "CoreLocation+Extension.swift"; sourceTree = "<group>"; };
		5E1E41392AE9EDB1001AFE59 /* APIService.swift */ = {isa = PBXFileReference; fileEncoding = 4; lastKnownFileType = sourcecode.swift; path = APIService.swift; sourceTree = "<group>"; };
		5E47A7912AC15D8400F67449 /* ABP_iOS.app */ = {isa = PBXFileReference; explicitFileType = wrapper.application; includeInIndex = 0; path = ABP_iOS.app; sourceTree = BUILT_PRODUCTS_DIR; };
		5E47A7942AC15D8400F67449 /* AppDelegate.swift */ = {isa = PBXFileReference; lastKnownFileType = sourcecode.swift; path = AppDelegate.swift; sourceTree = "<group>"; };
		5E47A7962AC15D8400F67449 /* SceneDelegate.swift */ = {isa = PBXFileReference; lastKnownFileType = sourcecode.swift; path = SceneDelegate.swift; sourceTree = "<group>"; };
		5E47A79B2AC15D8400F67449 /* Base */ = {isa = PBXFileReference; lastKnownFileType = file.storyboard; name = Base; path = Base.lproj/Main.storyboard; sourceTree = "<group>"; };
		5E47A79E2AC15D8400F67449 /* ABP_iOS.xcdatamodel */ = {isa = PBXFileReference; lastKnownFileType = wrapper.xcdatamodel; path = ABP_iOS.xcdatamodel; sourceTree = "<group>"; };
		5E47A7A02AC15D8500F67449 /* Assets.xcassets */ = {isa = PBXFileReference; lastKnownFileType = folder.assetcatalog; path = Assets.xcassets; sourceTree = "<group>"; };
		5E47A7A32AC15D8500F67449 /* Base */ = {isa = PBXFileReference; lastKnownFileType = file.storyboard; name = Base; path = Base.lproj/LaunchScreen.storyboard; sourceTree = "<group>"; };
		5E47A7A52AC15D8500F67449 /* Info.plist */ = {isa = PBXFileReference; lastKnownFileType = text.plist.xml; path = Info.plist; sourceTree = "<group>"; };
		5E47A7AA2AC15D8500F67449 /* ABP_iOSTests.xctest */ = {isa = PBXFileReference; explicitFileType = wrapper.cfbundle; includeInIndex = 0; path = ABP_iOSTests.xctest; sourceTree = BUILT_PRODUCTS_DIR; };
		5E47A7AE2AC15D8500F67449 /* ABP_iOSTests.swift */ = {isa = PBXFileReference; lastKnownFileType = sourcecode.swift; path = ABP_iOSTests.swift; sourceTree = "<group>"; };
		5E47A7B42AC15D8600F67449 /* ABP_iOSUITests.xctest */ = {isa = PBXFileReference; explicitFileType = wrapper.cfbundle; includeInIndex = 0; path = ABP_iOSUITests.xctest; sourceTree = BUILT_PRODUCTS_DIR; };
		5E47A7B82AC15D8600F67449 /* ABP_iOSUITests.swift */ = {isa = PBXFileReference; lastKnownFileType = sourcecode.swift; path = ABP_iOSUITests.swift; sourceTree = "<group>"; };
		5E47A7BA2AC15D8600F67449 /* ABP_iOSUITestsLaunchTests.swift */ = {isa = PBXFileReference; lastKnownFileType = sourcecode.swift; path = ABP_iOSUITestsLaunchTests.swift; sourceTree = "<group>"; };
		5E47A7CC2AC16D1C00F67449 /* RefereeCounterViewController.swift */ = {isa = PBXFileReference; lastKnownFileType = sourcecode.swift; path = RefereeCounterViewController.swift; sourceTree = "<group>"; };
		5E47A7D02AC174BD00F67449 /* StadiumWeatherViewController.swift */ = {isa = PBXFileReference; lastKnownFileType = sourcecode.swift; path = StadiumWeatherViewController.swift; sourceTree = "<group>"; };
		5E47A7D22AC174D500F67449 /* StadiumWeatherViewController.storyboard */ = {isa = PBXFileReference; lastKnownFileType = file.storyboard; path = StadiumWeatherViewController.storyboard; sourceTree = "<group>"; };
		5E47A7D42AC174FC00F67449 /* RefereeCounterViewController.storyboard */ = {isa = PBXFileReference; lastKnownFileType = file.storyboard; path = RefereeCounterViewController.storyboard; sourceTree = "<group>"; };
		5E47A7D62AC2CE7E00F67449 /* ScoreBoard.swift */ = {isa = PBXFileReference; lastKnownFileType = sourcecode.swift; path = ScoreBoard.swift; sourceTree = "<group>"; };
		5E7176602B147AB700ACE6E1 /* HomeRunDirectionViewController.swift */ = {isa = PBXFileReference; lastKnownFileType = sourcecode.swift; path = HomeRunDirectionViewController.swift; sourceTree = "<group>"; };
		5E8B1BAD2AEB70DD008E25DC /* WetherState.swift */ = {isa = PBXFileReference; lastKnownFileType = sourcecode.swift; path = WetherState.swift; sourceTree = "<group>"; };
		5E9C6E792AD52B4E00B8621A /* DetailStadiumWetherViewController.swift */ = {isa = PBXFileReference; lastKnownFileType = sourcecode.swift; path = DetailStadiumWetherViewController.swift; sourceTree = "<group>"; };
		5E9C6E7C2AD52B8000B8621A /* DetailStadiumWetherViewController.storyboard */ = {isa = PBXFileReference; lastKnownFileType = file.storyboard; path = DetailStadiumWetherViewController.storyboard; sourceTree = "<group>"; };
		5EC6CB352ACD61D20037F381 /* StadiumWeatherViewModel.swift */ = {isa = PBXFileReference; lastKnownFileType = sourcecode.swift; path = StadiumWeatherViewModel.swift; sourceTree = "<group>"; };
		805651B29C5A76BFAB920F6F /* Pods-ABP_iOS-ABP_iOSUITests.debug.xcconfig */ = {isa = PBXFileReference; includeInIndex = 1; lastKnownFileType = text.xcconfig; name = "Pods-ABP_iOS-ABP_iOSUITests.debug.xcconfig"; path = "Target Support Files/Pods-ABP_iOS-ABP_iOSUITests/Pods-ABP_iOS-ABP_iOSUITests.debug.xcconfig"; sourceTree = "<group>"; };
		996E183406A6E18C351C77AD /* Pods-ABP_iOS.release.xcconfig */ = {isa = PBXFileReference; includeInIndex = 1; lastKnownFileType = text.xcconfig; name = "Pods-ABP_iOS.release.xcconfig"; path = "Target Support Files/Pods-ABP_iOS/Pods-ABP_iOS.release.xcconfig"; sourceTree = "<group>"; };
		9A565CBF24D3E8FBE0B3B80F /* Pods-ABP_iOSTests.debug.xcconfig */ = {isa = PBXFileReference; includeInIndex = 1; lastKnownFileType = text.xcconfig; name = "Pods-ABP_iOSTests.debug.xcconfig"; path = "Target Support Files/Pods-ABP_iOSTests/Pods-ABP_iOSTests.debug.xcconfig"; sourceTree = "<group>"; };
		CF92FF60D5D9C104E6E6EEFD /* Pods-ABP_iOS.debug.xcconfig */ = {isa = PBXFileReference; includeInIndex = 1; lastKnownFileType = text.xcconfig; name = "Pods-ABP_iOS.debug.xcconfig"; path = "Target Support Files/Pods-ABP_iOS/Pods-ABP_iOS.debug.xcconfig"; sourceTree = "<group>"; };
		F911E06C5521A2F662FF6F18 /* Pods_ABP_iOS.framework */ = {isa = PBXFileReference; explicitFileType = wrapper.framework; includeInIndex = 0; path = Pods_ABP_iOS.framework; sourceTree = BUILT_PRODUCTS_DIR; };
		FBEA2DFD10C060BA7FE9988E /* Pods-ABP_iOSTests.release.xcconfig */ = {isa = PBXFileReference; includeInIndex = 1; lastKnownFileType = text.xcconfig; name = "Pods-ABP_iOSTests.release.xcconfig"; path = "Target Support Files/Pods-ABP_iOSTests/Pods-ABP_iOSTests.release.xcconfig"; sourceTree = "<group>"; };
/* End PBXFileReference section */

/* Begin PBXFrameworksBuildPhase section */
		5E47A78E2AC15D8400F67449 /* Frameworks */ = {
			isa = PBXFrameworksBuildPhase;
			buildActionMask = 2147483647;
			files = (
				32C5BDF32AC7B3DB007E7D4E /* CoreLocation.framework in Frameworks */,
				55C0CDF7789F3EF23EB46AA8 /* Pods_ABP_iOS.framework in Frameworks */,
			);
			runOnlyForDeploymentPostprocessing = 0;
		};
		5E47A7A72AC15D8500F67449 /* Frameworks */ = {
			isa = PBXFrameworksBuildPhase;
			buildActionMask = 2147483647;
			files = (
				2D6A4A4E0B1BF01A93DC31F5 /* Pods_ABP_iOSTests.framework in Frameworks */,
			);
			runOnlyForDeploymentPostprocessing = 0;
		};
		5E47A7B12AC15D8600F67449 /* Frameworks */ = {
			isa = PBXFrameworksBuildPhase;
			buildActionMask = 2147483647;
			files = (
				DE5BB5A4ADB4D443708E39E1 /* Pods_ABP_iOS_ABP_iOSUITests.framework in Frameworks */,
			);
			runOnlyForDeploymentPostprocessing = 0;
		};
/* End PBXFrameworksBuildPhase section */

/* Begin PBXGroup section */
		32C5BDCF2AC635A6007E7D4E /* RefereeCounter */ = {
			isa = PBXGroup;
			children = (
				32C5BDD12AC635C3007E7D4E /* ViewModel */,
				32C5BDD02AC635BD007E7D4E /* View */,
				32C5BDD22AC635CF007E7D4E /* Model */,
			);
			path = RefereeCounter;
			sourceTree = "<group>";
		};
		32C5BDD02AC635BD007E7D4E /* View */ = {
			isa = PBXGroup;
			children = (
				5E47A7CC2AC16D1C00F67449 /* RefereeCounterViewController.swift */,
				5E47A7D42AC174FC00F67449 /* RefereeCounterViewController.storyboard */,
			);
			path = View;
			sourceTree = "<group>";
		};
		32C5BDD12AC635C3007E7D4E /* ViewModel */ = {
			isa = PBXGroup;
			children = (
				32D724492AC3F834005DDBBC /* RefereeCounterViewModel.swift */,
			);
			path = ViewModel;
			sourceTree = "<group>";
		};
		32C5BDD22AC635CF007E7D4E /* Model */ = {
			isa = PBXGroup;
			children = (
				5E47A7D62AC2CE7E00F67449 /* ScoreBoard.swift */,
			);
			path = Model;
			sourceTree = "<group>";
		};
		32C5BDD32AC64099007E7D4E /* StadiumWether */ = {
			isa = PBXGroup;
			children = (
				5E4148F72B0AF412007A0757 /* StadiumWeather */,
				5E4148F22B0AF3C4007A0757 /* SearchAddress */,
			);
			path = StadiumWether;
			sourceTree = "<group>";
		};
		32C5BDD62AC640C8007E7D4E /* View */ = {
			isa = PBXGroup;
			children = (
				5E47A7D02AC174BD00F67449 /* StadiumWeatherViewController.swift */,
				5E47A7D22AC174D500F67449 /* StadiumWeatherViewController.storyboard */,
				32D6DE6B2AD1366B00385C55 /* StadiumWeatherCell.swift */,
				5E9C6E792AD52B4E00B8621A /* DetailStadiumWetherViewController.swift */,
				5E9C6E7C2AD52B8000B8621A /* DetailStadiumWetherViewController.storyboard */,
			);
			path = View;
			sourceTree = "<group>";
		};
		32C5BDD82AC64101007E7D4E /* HomeRunDirection */ = {
			isa = PBXGroup;
			children = (
				32C5BDDA2AC6411D007E7D4E /* ViewModel */,
				32C5BDDB2AC64123007E7D4E /* View */,
				32C5BDD92AC64116007E7D4E /* Model */,
			);
			path = HomeRunDirection;
			sourceTree = "<group>";
		};
		32C5BDD92AC64116007E7D4E /* Model */ = {
			isa = PBXGroup;
			children = (
			);
			path = Model;
			sourceTree = "<group>";
		};
		32C5BDDA2AC6411D007E7D4E /* ViewModel */ = {
			isa = PBXGroup;
			children = (
				5E01C8172B1575CC0073E60A /* HomeRunDirectionViewModel.swift */,
			);
			path = ViewModel;
			sourceTree = "<group>";
		};
		32C5BDDB2AC64123007E7D4E /* View */ = {
			isa = PBXGroup;
			children = (
				32D724402AC3F2E7005DDBBC /* HomeRunDirectionViewController.storyboard */,
				5E7176602B147AB700ACE6E1 /* HomeRunDirectionViewController.swift */,
			);
			path = View;
			sourceTree = "<group>";
		};
		32C5BDDC2AC6413C007E7D4E /* Timer */ = {
			isa = PBXGroup;
			children = (
				32C5BDE02AC64175007E7D4E /* ViewModel */,
				32C5BDDE2AC6414B007E7D4E /* View */,
				32C5BDDD2AC64144007E7D4E /* Model */,
			);
			path = Timer;
			sourceTree = "<group>";
		};
		32C5BDDD2AC64144007E7D4E /* Model */ = {
			isa = PBXGroup;
			children = (
			);
			path = Model;
			sourceTree = "<group>";
		};
		32C5BDDE2AC6414B007E7D4E /* View */ = {
			isa = PBXGroup;
			children = (
				32D724422AC3F4B8005DDBBC /* TimerViewController.swift */,
				32D724442AC3F4C6005DDBBC /* TimerViewController.storyboard */,
			);
			path = View;
			sourceTree = "<group>";
		};
		32C5BDE02AC64175007E7D4E /* ViewModel */ = {
			isa = PBXGroup;
			children = (
			);
			path = ViewModel;
			sourceTree = "<group>";
		};
		32D7244B2AC3FB33005DDBBC /* Util */ = {
			isa = PBXGroup;
			children = (
				32D7244E2AC3FBC1005DDBBC /* UIViewController+Extensions.swift */,
				32C5BDF02AC79B80007E7D4E /* Bundle+Extensions.swift */,
				32D6DE712AD2848100385C55 /* SendDataDelegate.swift */,
				5E01C8192B1581A60073E60A /* CoreLocation+Extension.swift */,
			);
			path = Util;
			sourceTree = "<group>";
		};
		5E1E41362AE9EBBC001AFE59 /* Sources */ = {
			isa = PBXGroup;
			children = (
				32C5BDD82AC64101007E7D4E /* HomeRunDirection */,
				32C5BDCF2AC635A6007E7D4E /* RefereeCounter */,
				32C5BDD32AC64099007E7D4E /* StadiumWether */,
				32C5BDDC2AC6413C007E7D4E /* Timer */,
			);
			path = Sources;
			sourceTree = "<group>";
		};
		5E1E41372AE9EBC6001AFE59 /* Resources */ = {
			isa = PBXGroup;
			children = (
				5E8B1BAC2AEB70C0008E25DC /* Constant */,
				5E47A7A02AC15D8500F67449 /* Assets.xcassets */,
				32D7244B2AC3FB33005DDBBC /* Util */,
				325199B02AEA8ADD00AF588E /* API-KEY.plist */,
			);
			path = Resources;
			sourceTree = "<group>";
		};
		5E1E41382AE9ED05001AFE59 /* Newtork */ = {
			isa = PBXGroup;
			children = (
				5E1E41392AE9EDB1001AFE59 /* APIService.swift */,
			);
			path = Newtork;
			sourceTree = "<group>";
		};
		5E4148F22B0AF3C4007A0757 /* SearchAddress */ = {
			isa = PBXGroup;
			children = (
				5E4148F62B0AF3FA007A0757 /* ViewModel */,
				5E4148F52B0AF3EC007A0757 /* View */,
				5E4148F32B0AF3CE007A0757 /* Model */,
			);
			path = SearchAddress;
			sourceTree = "<group>";
		};
		5E4148F32B0AF3CE007A0757 /* Model */ = {
			isa = PBXGroup;
			children = (
				32D6DE732AD28CC200385C55 /* AddressModel.swift */,
			);
			path = Model;
			sourceTree = "<group>";
		};
		5E4148F52B0AF3EC007A0757 /* View */ = {
			isa = PBXGroup;
			children = (
				32D6DE6D2AD1B4A100385C55 /* SearchAddressViewController.swift */,
				32D6DE6F2AD1B4B400385C55 /* SearchAddressViewController.storyboard */,
			);
			path = View;
			sourceTree = "<group>";
		};
		5E4148F62B0AF3FA007A0757 /* ViewModel */ = {
			isa = PBXGroup;
			children = (
				32D6DE752AD28DD300385C55 /* StadiumAddressViewModel.swift */,
			);
			path = ViewModel;
			sourceTree = "<group>";
		};
		5E4148F72B0AF412007A0757 /* StadiumWeather */ = {
			isa = PBXGroup;
			children = (
				5EC6CB342ACD61B80037F381 /* ViewModel */,
				32C5BDD62AC640C8007E7D4E /* View */,
				5E7A48602ACD32D6007F3312 /* Model */,
			);
			path = StadiumWeather;
			sourceTree = "<group>";
		};
		5E47A7882AC15D8400F67449 = {
			isa = PBXGroup;
			children = (
				5E47A7932AC15D8400F67449 /* ABP_iOS */,
				5E47A7AD2AC15D8500F67449 /* ABP_iOSTests */,
				5E47A7B72AC15D8600F67449 /* ABP_iOSUITests */,
				5E47A7922AC15D8400F67449 /* Products */,
				9AAA948005AF803BE58C596C /* Frameworks */,
				72A1C733EC3DBF99014548B2 /* Pods */,
			);
			sourceTree = "<group>";
		};
		5E47A7922AC15D8400F67449 /* Products */ = {
			isa = PBXGroup;
			children = (
				5E47A7912AC15D8400F67449 /* ABP_iOS.app */,
				5E47A7AA2AC15D8500F67449 /* ABP_iOSTests.xctest */,
				5E47A7B42AC15D8600F67449 /* ABP_iOSUITests.xctest */,
			);
			name = Products;
			sourceTree = "<group>";
		};
		5E47A7932AC15D8400F67449 /* ABP_iOS */ = {
			isa = PBXGroup;
			children = (
				5E1E41382AE9ED05001AFE59 /* Newtork */,
				5E1E41372AE9EBC6001AFE59 /* Resources */,
				5E1E41362AE9EBBC001AFE59 /* Sources */,
				5E47A7A52AC15D8500F67449 /* Info.plist */,
				5E47A7942AC15D8400F67449 /* AppDelegate.swift */,
				5E47A7962AC15D8400F67449 /* SceneDelegate.swift */,
				5E47A79D2AC15D8400F67449 /* ABP_iOS.xcdatamodeld */,
				5E47A7A22AC15D8500F67449 /* LaunchScreen.storyboard */,
				5E47A79A2AC15D8400F67449 /* Main.storyboard */,
			);
			path = ABP_iOS;
			sourceTree = "<group>";
		};
		5E47A7AD2AC15D8500F67449 /* ABP_iOSTests */ = {
			isa = PBXGroup;
			children = (
				5E47A7AE2AC15D8500F67449 /* ABP_iOSTests.swift */,
			);
			path = ABP_iOSTests;
			sourceTree = "<group>";
		};
		5E47A7B72AC15D8600F67449 /* ABP_iOSUITests */ = {
			isa = PBXGroup;
			children = (
				5E47A7B82AC15D8600F67449 /* ABP_iOSUITests.swift */,
				5E47A7BA2AC15D8600F67449 /* ABP_iOSUITestsLaunchTests.swift */,
			);
			path = ABP_iOSUITests;
			sourceTree = "<group>";
		};
		5E7A48602ACD32D6007F3312 /* Model */ = {
			isa = PBXGroup;
			children = (
				32E703912AEA8B7A007AD19F /* WetherModel.swift */,
			);
			path = Model;
			sourceTree = "<group>";
		};
		5E8B1BAC2AEB70C0008E25DC /* Constant */ = {
			isa = PBXGroup;
			children = (
				5E8B1BAD2AEB70DD008E25DC /* WetherState.swift */,
			);
			path = Constant;
			sourceTree = "<group>";
		};
		5EC6CB342ACD61B80037F381 /* ViewModel */ = {
			isa = PBXGroup;
			children = (
				5EC6CB352ACD61D20037F381 /* StadiumWeatherViewModel.swift */,
			);
			path = ViewModel;
			sourceTree = "<group>";
		};
		72A1C733EC3DBF99014548B2 /* Pods */ = {
			isa = PBXGroup;
			children = (
				CF92FF60D5D9C104E6E6EEFD /* Pods-ABP_iOS.debug.xcconfig */,
				996E183406A6E18C351C77AD /* Pods-ABP_iOS.release.xcconfig */,
				805651B29C5A76BFAB920F6F /* Pods-ABP_iOS-ABP_iOSUITests.debug.xcconfig */,
				4AA15919D2C79FB844CFF8C7 /* Pods-ABP_iOS-ABP_iOSUITests.release.xcconfig */,
				9A565CBF24D3E8FBE0B3B80F /* Pods-ABP_iOSTests.debug.xcconfig */,
				FBEA2DFD10C060BA7FE9988E /* Pods-ABP_iOSTests.release.xcconfig */,
			);
			path = Pods;
			sourceTree = "<group>";
		};
		9AAA948005AF803BE58C596C /* Frameworks */ = {
			isa = PBXGroup;
			children = (
				32C5BDF22AC7B3DB007E7D4E /* CoreLocation.framework */,
				32C5BDEC2AC79AB9007E7D4E /* NMapsMap.xcframework */,
				F911E06C5521A2F662FF6F18 /* Pods_ABP_iOS.framework */,
				40E817283591A08FC3A28969 /* Pods_ABP_iOS_ABP_iOSUITests.framework */,
				507670C5AB295F2F7D71B345 /* Pods_ABP_iOSTests.framework */,
			);
			name = Frameworks;
			sourceTree = "<group>";
		};
/* End PBXGroup section */

/* Begin PBXNativeTarget section */
		5E47A7902AC15D8400F67449 /* ABP_iOS */ = {
			isa = PBXNativeTarget;
			buildConfigurationList = 5E47A7BE2AC15D8600F67449 /* Build configuration list for PBXNativeTarget "ABP_iOS" */;
			buildPhases = (
				147D3929B8582F7756CB6AD1 /* [CP] Check Pods Manifest.lock */,
				5E47A78D2AC15D8400F67449 /* Sources */,
				5E47A78E2AC15D8400F67449 /* Frameworks */,
				5E47A78F2AC15D8400F67449 /* Resources */,
				68DCC1119DD0C889952AB330 /* [CP] Embed Pods Frameworks */,
			);
			buildRules = (
			);
			dependencies = (
			);
			name = ABP_iOS;
			productName = ABP_iOS;
			productReference = 5E47A7912AC15D8400F67449 /* ABP_iOS.app */;
			productType = "com.apple.product-type.application";
		};
		5E47A7A92AC15D8500F67449 /* ABP_iOSTests */ = {
			isa = PBXNativeTarget;
			buildConfigurationList = 5E47A7C12AC15D8600F67449 /* Build configuration list for PBXNativeTarget "ABP_iOSTests" */;
			buildPhases = (
				3A9A72B8D818692295CC6CB8 /* [CP] Check Pods Manifest.lock */,
				5E47A7A62AC15D8500F67449 /* Sources */,
				5E47A7A72AC15D8500F67449 /* Frameworks */,
				5E47A7A82AC15D8500F67449 /* Resources */,
			);
			buildRules = (
			);
			dependencies = (
				5E47A7AC2AC15D8500F67449 /* PBXTargetDependency */,
			);
			name = ABP_iOSTests;
			productName = ABP_iOSTests;
			productReference = 5E47A7AA2AC15D8500F67449 /* ABP_iOSTests.xctest */;
			productType = "com.apple.product-type.bundle.unit-test";
		};
		5E47A7B32AC15D8600F67449 /* ABP_iOSUITests */ = {
			isa = PBXNativeTarget;
			buildConfigurationList = 5E47A7C42AC15D8600F67449 /* Build configuration list for PBXNativeTarget "ABP_iOSUITests" */;
			buildPhases = (
				3B6B5CF8CFC7AF73E2EF2353 /* [CP] Check Pods Manifest.lock */,
				5E47A7B02AC15D8600F67449 /* Sources */,
				5E47A7B12AC15D8600F67449 /* Frameworks */,
				5E47A7B22AC15D8600F67449 /* Resources */,
				ECE3EFA88D6EBB86CF80BCF6 /* [CP] Embed Pods Frameworks */,
			);
			buildRules = (
			);
			dependencies = (
				5E47A7B62AC15D8600F67449 /* PBXTargetDependency */,
			);
			name = ABP_iOSUITests;
			productName = ABP_iOSUITests;
			productReference = 5E47A7B42AC15D8600F67449 /* ABP_iOSUITests.xctest */;
			productType = "com.apple.product-type.bundle.ui-testing";
		};
/* End PBXNativeTarget section */

/* Begin PBXProject section */
		5E47A7892AC15D8400F67449 /* Project object */ = {
			isa = PBXProject;
			attributes = {
				BuildIndependentTargetsInParallel = 1;
				LastSwiftUpdateCheck = 1500;
				LastUpgradeCheck = 1500;
				TargetAttributes = {
					5E47A7902AC15D8400F67449 = {
						CreatedOnToolsVersion = 15.0;
					};
					5E47A7A92AC15D8500F67449 = {
						CreatedOnToolsVersion = 15.0;
						TestTargetID = 5E47A7902AC15D8400F67449;
					};
					5E47A7B32AC15D8600F67449 = {
						CreatedOnToolsVersion = 15.0;
						TestTargetID = 5E47A7902AC15D8400F67449;
					};
				};
			};
			buildConfigurationList = 5E47A78C2AC15D8400F67449 /* Build configuration list for PBXProject "ABP_iOS" */;
			compatibilityVersion = "Xcode 14.0";
			developmentRegion = en;
			hasScannedForEncodings = 0;
			knownRegions = (
				en,
				Base,
			);
			mainGroup = 5E47A7882AC15D8400F67449;
			productRefGroup = 5E47A7922AC15D8400F67449 /* Products */;
			projectDirPath = "";
			projectRoot = "";
			targets = (
				5E47A7902AC15D8400F67449 /* ABP_iOS */,
				5E47A7A92AC15D8500F67449 /* ABP_iOSTests */,
				5E47A7B32AC15D8600F67449 /* ABP_iOSUITests */,
			);
		};
/* End PBXProject section */

/* Begin PBXResourcesBuildPhase section */
		5E47A78F2AC15D8400F67449 /* Resources */ = {
			isa = PBXResourcesBuildPhase;
			buildActionMask = 2147483647;
			files = (
				5E47A7A42AC15D8500F67449 /* LaunchScreen.storyboard in Resources */,
				5E47A7A12AC15D8500F67449 /* Assets.xcassets in Resources */,
				5E47A7D32AC174D500F67449 /* StadiumWeatherViewController.storyboard in Resources */,
				5E47A7D52AC174FC00F67449 /* RefereeCounterViewController.storyboard in Resources */,
				32D6DE702AD1B4B400385C55 /* SearchAddressViewController.storyboard in Resources */,
				5E9C6E7D2AD52B8000B8621A /* DetailStadiumWetherViewController.storyboard in Resources */,
				32D724452AC3F4C6005DDBBC /* TimerViewController.storyboard in Resources */,
				325199B12AEA8ADD00AF588E /* API-KEY.plist in Resources */,
				32D724412AC3F2E7005DDBBC /* HomeRunDirectionViewController.storyboard in Resources */,
				5E47A79C2AC15D8400F67449 /* Main.storyboard in Resources */,
			);
			runOnlyForDeploymentPostprocessing = 0;
		};
		5E47A7A82AC15D8500F67449 /* Resources */ = {
			isa = PBXResourcesBuildPhase;
			buildActionMask = 2147483647;
			files = (
			);
			runOnlyForDeploymentPostprocessing = 0;
		};
		5E47A7B22AC15D8600F67449 /* Resources */ = {
			isa = PBXResourcesBuildPhase;
			buildActionMask = 2147483647;
			files = (
			);
			runOnlyForDeploymentPostprocessing = 0;
		};
/* End PBXResourcesBuildPhase section */

/* Begin PBXShellScriptBuildPhase section */
		147D3929B8582F7756CB6AD1 /* [CP] Check Pods Manifest.lock */ = {
			isa = PBXShellScriptBuildPhase;
			buildActionMask = 2147483647;
			files = (
			);
			inputFileListPaths = (
			);
			inputPaths = (
				"${PODS_PODFILE_DIR_PATH}/Podfile.lock",
				"${PODS_ROOT}/Manifest.lock",
			);
			name = "[CP] Check Pods Manifest.lock";
			outputFileListPaths = (
			);
			outputPaths = (
				"$(DERIVED_FILE_DIR)/Pods-ABP_iOS-checkManifestLockResult.txt",
			);
			runOnlyForDeploymentPostprocessing = 0;
			shellPath = /bin/sh;
			shellScript = "diff \"${PODS_PODFILE_DIR_PATH}/Podfile.lock\" \"${PODS_ROOT}/Manifest.lock\" > /dev/null\nif [ $? != 0 ] ; then\n    # print error to STDERR\n    echo \"error: The sandbox is not in sync with the Podfile.lock. Run 'pod install' or update your CocoaPods installation.\" >&2\n    exit 1\nfi\n# This output is used by Xcode 'outputs' to avoid re-running this script phase.\necho \"SUCCESS\" > \"${SCRIPT_OUTPUT_FILE_0}\"\n";
			showEnvVarsInLog = 0;
		};
		3A9A72B8D818692295CC6CB8 /* [CP] Check Pods Manifest.lock */ = {
			isa = PBXShellScriptBuildPhase;
			buildActionMask = 2147483647;
			files = (
			);
			inputFileListPaths = (
			);
			inputPaths = (
				"${PODS_PODFILE_DIR_PATH}/Podfile.lock",
				"${PODS_ROOT}/Manifest.lock",
			);
			name = "[CP] Check Pods Manifest.lock";
			outputFileListPaths = (
			);
			outputPaths = (
				"$(DERIVED_FILE_DIR)/Pods-ABP_iOSTests-checkManifestLockResult.txt",
			);
			runOnlyForDeploymentPostprocessing = 0;
			shellPath = /bin/sh;
			shellScript = "diff \"${PODS_PODFILE_DIR_PATH}/Podfile.lock\" \"${PODS_ROOT}/Manifest.lock\" > /dev/null\nif [ $? != 0 ] ; then\n    # print error to STDERR\n    echo \"error: The sandbox is not in sync with the Podfile.lock. Run 'pod install' or update your CocoaPods installation.\" >&2\n    exit 1\nfi\n# This output is used by Xcode 'outputs' to avoid re-running this script phase.\necho \"SUCCESS\" > \"${SCRIPT_OUTPUT_FILE_0}\"\n";
			showEnvVarsInLog = 0;
		};
		3B6B5CF8CFC7AF73E2EF2353 /* [CP] Check Pods Manifest.lock */ = {
			isa = PBXShellScriptBuildPhase;
			buildActionMask = 2147483647;
			files = (
			);
			inputFileListPaths = (
			);
			inputPaths = (
				"${PODS_PODFILE_DIR_PATH}/Podfile.lock",
				"${PODS_ROOT}/Manifest.lock",
			);
			name = "[CP] Check Pods Manifest.lock";
			outputFileListPaths = (
			);
			outputPaths = (
				"$(DERIVED_FILE_DIR)/Pods-ABP_iOS-ABP_iOSUITests-checkManifestLockResult.txt",
			);
			runOnlyForDeploymentPostprocessing = 0;
			shellPath = /bin/sh;
			shellScript = "diff \"${PODS_PODFILE_DIR_PATH}/Podfile.lock\" \"${PODS_ROOT}/Manifest.lock\" > /dev/null\nif [ $? != 0 ] ; then\n    # print error to STDERR\n    echo \"error: The sandbox is not in sync with the Podfile.lock. Run 'pod install' or update your CocoaPods installation.\" >&2\n    exit 1\nfi\n# This output is used by Xcode 'outputs' to avoid re-running this script phase.\necho \"SUCCESS\" > \"${SCRIPT_OUTPUT_FILE_0}\"\n";
			showEnvVarsInLog = 0;
		};
		68DCC1119DD0C889952AB330 /* [CP] Embed Pods Frameworks */ = {
			isa = PBXShellScriptBuildPhase;
			buildActionMask = 2147483647;
			files = (
			);
			inputFileListPaths = (
				"${PODS_ROOT}/Target Support Files/Pods-ABP_iOS/Pods-ABP_iOS-frameworks-${CONFIGURATION}-input-files.xcfilelist",
			);
			name = "[CP] Embed Pods Frameworks";
			outputFileListPaths = (
				"${PODS_ROOT}/Target Support Files/Pods-ABP_iOS/Pods-ABP_iOS-frameworks-${CONFIGURATION}-output-files.xcfilelist",
			);
			runOnlyForDeploymentPostprocessing = 0;
			shellPath = /bin/sh;
			shellScript = "\"${PODS_ROOT}/Target Support Files/Pods-ABP_iOS/Pods-ABP_iOS-frameworks.sh\"\n";
			showEnvVarsInLog = 0;
		};
		ECE3EFA88D6EBB86CF80BCF6 /* [CP] Embed Pods Frameworks */ = {
			isa = PBXShellScriptBuildPhase;
			buildActionMask = 2147483647;
			files = (
			);
			inputFileListPaths = (
				"${PODS_ROOT}/Target Support Files/Pods-ABP_iOS-ABP_iOSUITests/Pods-ABP_iOS-ABP_iOSUITests-frameworks-${CONFIGURATION}-input-files.xcfilelist",
			);
			name = "[CP] Embed Pods Frameworks";
			outputFileListPaths = (
				"${PODS_ROOT}/Target Support Files/Pods-ABP_iOS-ABP_iOSUITests/Pods-ABP_iOS-ABP_iOSUITests-frameworks-${CONFIGURATION}-output-files.xcfilelist",
			);
			runOnlyForDeploymentPostprocessing = 0;
			shellPath = /bin/sh;
			shellScript = "\"${PODS_ROOT}/Target Support Files/Pods-ABP_iOS-ABP_iOSUITests/Pods-ABP_iOS-ABP_iOSUITests-frameworks.sh\"\n";
			showEnvVarsInLog = 0;
		};
/* End PBXShellScriptBuildPhase section */

/* Begin PBXSourcesBuildPhase section */
		5E47A78D2AC15D8400F67449 /* Sources */ = {
			isa = PBXSourcesBuildPhase;
			buildActionMask = 2147483647;
			files = (
				32D7244A2AC3F834005DDBBC /* RefereeCounterViewModel.swift in Sources */,
				5E47A79F2AC15D8400F67449 /* ABP_iOS.xcdatamodeld in Sources */,
				5E47A7952AC15D8400F67449 /* AppDelegate.swift in Sources */,
				5E7176612B147AB700ACE6E1 /* HomeRunDirectionViewController.swift in Sources */,
				32D6DE742AD28CC200385C55 /* AddressModel.swift in Sources */,
				5E47A7CD2AC16D1C00F67449 /* RefereeCounterViewController.swift in Sources */,
				5E1E413A2AE9EDB1001AFE59 /* APIService.swift in Sources */,
				5E01C8182B1575CC0073E60A /* HomeRunDirectionViewModel.swift in Sources */,
				5E47A7D72AC2CE7E00F67449 /* ScoreBoard.swift in Sources */,
				32D724432AC3F4B8005DDBBC /* TimerViewController.swift in Sources */,
				32D6DE6C2AD1366B00385C55 /* StadiumWeatherCell.swift in Sources */,
				32D6DE762AD28DD300385C55 /* StadiumAddressViewModel.swift in Sources */,
				5E01C81A2B1581A60073E60A /* CoreLocation+Extension.swift in Sources */,
				32D6DE722AD2848100385C55 /* SendDataDelegate.swift in Sources */,
				5E47A7D12AC174BD00F67449 /* StadiumWeatherViewController.swift in Sources */,
				32E703922AEA8B7A007AD19F /* WetherModel.swift in Sources */,
				32D7244F2AC3FBC1005DDBBC /* UIViewController+Extensions.swift in Sources */,
				5E9C6E7A2AD52B4E00B8621A /* DetailStadiumWetherViewController.swift in Sources */,
				5EC6CB362ACD61D20037F381 /* StadiumWeatherViewModel.swift in Sources */,
				32D6DE6E2AD1B4A100385C55 /* SearchAddressViewController.swift in Sources */,
				5E8B1BAE2AEB70DD008E25DC /* WetherState.swift in Sources */,
				5E47A7972AC15D8400F67449 /* SceneDelegate.swift in Sources */,
				32C5BDF12AC79B80007E7D4E /* Bundle+Extensions.swift in Sources */,
			);
			runOnlyForDeploymentPostprocessing = 0;
		};
		5E47A7A62AC15D8500F67449 /* Sources */ = {
			isa = PBXSourcesBuildPhase;
			buildActionMask = 2147483647;
			files = (
				5E47A7AF2AC15D8500F67449 /* ABP_iOSTests.swift in Sources */,
			);
			runOnlyForDeploymentPostprocessing = 0;
		};
		5E47A7B02AC15D8600F67449 /* Sources */ = {
			isa = PBXSourcesBuildPhase;
			buildActionMask = 2147483647;
			files = (
				5E47A7BB2AC15D8600F67449 /* ABP_iOSUITestsLaunchTests.swift in Sources */,
				5E47A7B92AC15D8600F67449 /* ABP_iOSUITests.swift in Sources */,
			);
			runOnlyForDeploymentPostprocessing = 0;
		};
/* End PBXSourcesBuildPhase section */

/* Begin PBXTargetDependency section */
		5E47A7AC2AC15D8500F67449 /* PBXTargetDependency */ = {
			isa = PBXTargetDependency;
			target = 5E47A7902AC15D8400F67449 /* ABP_iOS */;
			targetProxy = 5E47A7AB2AC15D8500F67449 /* PBXContainerItemProxy */;
		};
		5E47A7B62AC15D8600F67449 /* PBXTargetDependency */ = {
			isa = PBXTargetDependency;
			target = 5E47A7902AC15D8400F67449 /* ABP_iOS */;
			targetProxy = 5E47A7B52AC15D8600F67449 /* PBXContainerItemProxy */;
		};
/* End PBXTargetDependency section */

/* Begin PBXVariantGroup section */
		5E47A79A2AC15D8400F67449 /* Main.storyboard */ = {
			isa = PBXVariantGroup;
			children = (
				5E47A79B2AC15D8400F67449 /* Base */,
			);
			name = Main.storyboard;
			sourceTree = "<group>";
		};
		5E47A7A22AC15D8500F67449 /* LaunchScreen.storyboard */ = {
			isa = PBXVariantGroup;
			children = (
				5E47A7A32AC15D8500F67449 /* Base */,
			);
			name = LaunchScreen.storyboard;
			sourceTree = "<group>";
		};
/* End PBXVariantGroup section */

/* Begin XCBuildConfiguration section */
		5E47A7BC2AC15D8600F67449 /* Debug */ = {
			isa = XCBuildConfiguration;
			buildSettings = {
				ALWAYS_SEARCH_USER_PATHS = NO;
				ASSETCATALOG_COMPILER_GENERATE_SWIFT_ASSET_SYMBOL_EXTENSIONS = YES;
				CLANG_ANALYZER_NONNULL = YES;
				CLANG_ANALYZER_NUMBER_OBJECT_CONVERSION = YES_AGGRESSIVE;
				CLANG_CXX_LANGUAGE_STANDARD = "gnu++20";
				CLANG_ENABLE_MODULES = YES;
				CLANG_ENABLE_OBJC_ARC = YES;
				CLANG_ENABLE_OBJC_WEAK = YES;
				CLANG_WARN_BLOCK_CAPTURE_AUTORELEASING = YES;
				CLANG_WARN_BOOL_CONVERSION = YES;
				CLANG_WARN_COMMA = YES;
				CLANG_WARN_CONSTANT_CONVERSION = YES;
				CLANG_WARN_DEPRECATED_OBJC_IMPLEMENTATIONS = YES;
				CLANG_WARN_DIRECT_OBJC_ISA_USAGE = YES_ERROR;
				CLANG_WARN_DOCUMENTATION_COMMENTS = YES;
				CLANG_WARN_EMPTY_BODY = YES;
				CLANG_WARN_ENUM_CONVERSION = YES;
				CLANG_WARN_INFINITE_RECURSION = YES;
				CLANG_WARN_INT_CONVERSION = YES;
				CLANG_WARN_NON_LITERAL_NULL_CONVERSION = YES;
				CLANG_WARN_OBJC_IMPLICIT_RETAIN_SELF = YES;
				CLANG_WARN_OBJC_LITERAL_CONVERSION = YES;
				CLANG_WARN_OBJC_ROOT_CLASS = YES_ERROR;
				CLANG_WARN_QUOTED_INCLUDE_IN_FRAMEWORK_HEADER = YES;
				CLANG_WARN_RANGE_LOOP_ANALYSIS = YES;
				CLANG_WARN_STRICT_PROTOTYPES = YES;
				CLANG_WARN_SUSPICIOUS_MOVE = YES;
				CLANG_WARN_UNGUARDED_AVAILABILITY = YES_AGGRESSIVE;
				CLANG_WARN_UNREACHABLE_CODE = YES;
				CLANG_WARN__DUPLICATE_METHOD_MATCH = YES;
				COPY_PHASE_STRIP = NO;
				DEBUG_INFORMATION_FORMAT = dwarf;
				ENABLE_STRICT_OBJC_MSGSEND = YES;
				ENABLE_TESTABILITY = YES;
				ENABLE_USER_SCRIPT_SANDBOXING = YES;
				GCC_C_LANGUAGE_STANDARD = gnu17;
				GCC_DYNAMIC_NO_PIC = NO;
				GCC_NO_COMMON_BLOCKS = YES;
				GCC_OPTIMIZATION_LEVEL = 0;
				GCC_PREPROCESSOR_DEFINITIONS = (
					"DEBUG=1",
					"$(inherited)",
				);
				GCC_WARN_64_TO_32_BIT_CONVERSION = YES;
				GCC_WARN_ABOUT_RETURN_TYPE = YES_ERROR;
				GCC_WARN_UNDECLARED_SELECTOR = YES;
				GCC_WARN_UNINITIALIZED_AUTOS = YES_AGGRESSIVE;
				GCC_WARN_UNUSED_FUNCTION = YES;
				GCC_WARN_UNUSED_VARIABLE = YES;
				IPHONEOS_DEPLOYMENT_TARGET = 17.0;
				LOCALIZATION_PREFERS_STRING_CATALOGS = YES;
				MTL_ENABLE_DEBUG_INFO = INCLUDE_SOURCE;
				MTL_FAST_MATH = YES;
				ONLY_ACTIVE_ARCH = YES;
				SDKROOT = iphoneos;
				SWIFT_ACTIVE_COMPILATION_CONDITIONS = "DEBUG $(inherited)";
				SWIFT_OPTIMIZATION_LEVEL = "-Onone";
			};
			name = Debug;
		};
		5E47A7BD2AC15D8600F67449 /* Release */ = {
			isa = XCBuildConfiguration;
			buildSettings = {
				ALWAYS_SEARCH_USER_PATHS = NO;
				ASSETCATALOG_COMPILER_GENERATE_SWIFT_ASSET_SYMBOL_EXTENSIONS = YES;
				CLANG_ANALYZER_NONNULL = YES;
				CLANG_ANALYZER_NUMBER_OBJECT_CONVERSION = YES_AGGRESSIVE;
				CLANG_CXX_LANGUAGE_STANDARD = "gnu++20";
				CLANG_ENABLE_MODULES = YES;
				CLANG_ENABLE_OBJC_ARC = YES;
				CLANG_ENABLE_OBJC_WEAK = YES;
				CLANG_WARN_BLOCK_CAPTURE_AUTORELEASING = YES;
				CLANG_WARN_BOOL_CONVERSION = YES;
				CLANG_WARN_COMMA = YES;
				CLANG_WARN_CONSTANT_CONVERSION = YES;
				CLANG_WARN_DEPRECATED_OBJC_IMPLEMENTATIONS = YES;
				CLANG_WARN_DIRECT_OBJC_ISA_USAGE = YES_ERROR;
				CLANG_WARN_DOCUMENTATION_COMMENTS = YES;
				CLANG_WARN_EMPTY_BODY = YES;
				CLANG_WARN_ENUM_CONVERSION = YES;
				CLANG_WARN_INFINITE_RECURSION = YES;
				CLANG_WARN_INT_CONVERSION = YES;
				CLANG_WARN_NON_LITERAL_NULL_CONVERSION = YES;
				CLANG_WARN_OBJC_IMPLICIT_RETAIN_SELF = YES;
				CLANG_WARN_OBJC_LITERAL_CONVERSION = YES;
				CLANG_WARN_OBJC_ROOT_CLASS = YES_ERROR;
				CLANG_WARN_QUOTED_INCLUDE_IN_FRAMEWORK_HEADER = YES;
				CLANG_WARN_RANGE_LOOP_ANALYSIS = YES;
				CLANG_WARN_STRICT_PROTOTYPES = YES;
				CLANG_WARN_SUSPICIOUS_MOVE = YES;
				CLANG_WARN_UNGUARDED_AVAILABILITY = YES_AGGRESSIVE;
				CLANG_WARN_UNREACHABLE_CODE = YES;
				CLANG_WARN__DUPLICATE_METHOD_MATCH = YES;
				COPY_PHASE_STRIP = NO;
				DEBUG_INFORMATION_FORMAT = "dwarf-with-dsym";
				ENABLE_NS_ASSERTIONS = NO;
				ENABLE_STRICT_OBJC_MSGSEND = YES;
				ENABLE_USER_SCRIPT_SANDBOXING = YES;
				GCC_C_LANGUAGE_STANDARD = gnu17;
				GCC_NO_COMMON_BLOCKS = YES;
				GCC_WARN_64_TO_32_BIT_CONVERSION = YES;
				GCC_WARN_ABOUT_RETURN_TYPE = YES_ERROR;
				GCC_WARN_UNDECLARED_SELECTOR = YES;
				GCC_WARN_UNINITIALIZED_AUTOS = YES_AGGRESSIVE;
				GCC_WARN_UNUSED_FUNCTION = YES;
				GCC_WARN_UNUSED_VARIABLE = YES;
				IPHONEOS_DEPLOYMENT_TARGET = 17.0;
				LOCALIZATION_PREFERS_STRING_CATALOGS = YES;
				MTL_ENABLE_DEBUG_INFO = NO;
				MTL_FAST_MATH = YES;
				SDKROOT = iphoneos;
				SWIFT_COMPILATION_MODE = wholemodule;
				VALIDATE_PRODUCT = YES;
			};
			name = Release;
		};
		5E47A7BF2AC15D8600F67449 /* Debug */ = {
			isa = XCBuildConfiguration;
			baseConfigurationReference = CF92FF60D5D9C104E6E6EEFD /* Pods-ABP_iOS.debug.xcconfig */;
			buildSettings = {
				ASSETCATALOG_COMPILER_APPICON_NAME = AppIcon;
				ASSETCATALOG_COMPILER_GLOBAL_ACCENT_COLOR_NAME = AccentColor;
				CODE_SIGN_STYLE = Automatic;
				CURRENT_PROJECT_VERSION = 1;
				DEVELOPMENT_TEAM = 7UP22G6J32;
				ENABLE_USER_SCRIPT_SANDBOXING = NO;
				GENERATE_INFOPLIST_FILE = YES;
				INFOPLIST_FILE = ABP_iOS/Info.plist;
				INFOPLIST_KEY_LSApplicationCategoryType = "public.app-category.sports";
				INFOPLIST_KEY_NSLocationAlwaysAndWhenInUseUsageDescription = "위치정보 권한 요청";
				INFOPLIST_KEY_NSLocationAlwaysUsageDescription = "위치정보 권한 요청";
				INFOPLIST_KEY_NSLocationWhenInUseUsageDescription = "위치정보 권한 요청";
				INFOPLIST_KEY_UIApplicationSupportsIndirectInputEvents = YES;
				INFOPLIST_KEY_UILaunchStoryboardName = LaunchScreen;
				INFOPLIST_KEY_UIMainStoryboardFile = Main;
				INFOPLIST_KEY_UISupportedInterfaceOrientations_iPad = "UIInterfaceOrientationPortrait UIInterfaceOrientationPortraitUpsideDown UIInterfaceOrientationLandscapeLeft UIInterfaceOrientationLandscapeRight";
				INFOPLIST_KEY_UISupportedInterfaceOrientations_iPhone = "UIInterfaceOrientationPortrait UIInterfaceOrientationLandscapeLeft UIInterfaceOrientationLandscapeRight";
				INFOPLIST_KEY_UIUserInterfaceStyle = Dark;
				IPHONEOS_DEPLOYMENT_TARGET = 16.0;
				LD_RUNPATH_SEARCH_PATHS = (
					"$(inherited)",
					"@executable_path/Frameworks",
				);
				MARKETING_VERSION = 1.0;
				PRODUCT_BUNDLE_IDENTIFIER = sideproject.ABP;
				PRODUCT_NAME = "$(TARGET_NAME)";
				SWIFT_EMIT_LOC_STRINGS = YES;
				SWIFT_VERSION = 5.0;
				TARGETED_DEVICE_FAMILY = "1,2";
			};
			name = Debug;
		};
		5E47A7C02AC15D8600F67449 /* Release */ = {
			isa = XCBuildConfiguration;
			baseConfigurationReference = 996E183406A6E18C351C77AD /* Pods-ABP_iOS.release.xcconfig */;
			buildSettings = {
				ASSETCATALOG_COMPILER_APPICON_NAME = AppIcon;
				ASSETCATALOG_COMPILER_GLOBAL_ACCENT_COLOR_NAME = AccentColor;
				CODE_SIGN_STYLE = Automatic;
				CURRENT_PROJECT_VERSION = 1;
				DEVELOPMENT_TEAM = 7UP22G6J32;
				ENABLE_USER_SCRIPT_SANDBOXING = NO;
				GENERATE_INFOPLIST_FILE = YES;
				INFOPLIST_FILE = ABP_iOS/Info.plist;
				INFOPLIST_KEY_LSApplicationCategoryType = "public.app-category.sports";
				INFOPLIST_KEY_NSLocationAlwaysAndWhenInUseUsageDescription = "위치정보 권한 요청";
				INFOPLIST_KEY_NSLocationAlwaysUsageDescription = "위치정보 권한 요청";
				INFOPLIST_KEY_NSLocationWhenInUseUsageDescription = "위치정보 권한 요청";
				INFOPLIST_KEY_UIApplicationSupportsIndirectInputEvents = YES;
				INFOPLIST_KEY_UILaunchStoryboardName = LaunchScreen;
				INFOPLIST_KEY_UIMainStoryboardFile = Main;
				INFOPLIST_KEY_UISupportedInterfaceOrientations_iPad = "UIInterfaceOrientationPortrait UIInterfaceOrientationPortraitUpsideDown UIInterfaceOrientationLandscapeLeft UIInterfaceOrientationLandscapeRight";
				INFOPLIST_KEY_UISupportedInterfaceOrientations_iPhone = "UIInterfaceOrientationPortrait UIInterfaceOrientationLandscapeLeft UIInterfaceOrientationLandscapeRight";
				INFOPLIST_KEY_UIUserInterfaceStyle = Dark;
				IPHONEOS_DEPLOYMENT_TARGET = 16.0;
				LD_RUNPATH_SEARCH_PATHS = (
					"$(inherited)",
					"@executable_path/Frameworks",
				);
				MARKETING_VERSION = 1.0;
				PRODUCT_BUNDLE_IDENTIFIER = sideproject.ABP;
				PRODUCT_NAME = "$(TARGET_NAME)";
				SWIFT_EMIT_LOC_STRINGS = YES;
				SWIFT_VERSION = 5.0;
				TARGETED_DEVICE_FAMILY = "1,2";
			};
			name = Release;
		};
		5E47A7C22AC15D8600F67449 /* Debug */ = {
			isa = XCBuildConfiguration;
			baseConfigurationReference = 9A565CBF24D3E8FBE0B3B80F /* Pods-ABP_iOSTests.debug.xcconfig */;
			buildSettings = {
				ALWAYS_EMBED_SWIFT_STANDARD_LIBRARIES = YES;
				BUNDLE_LOADER = "$(TEST_HOST)";
				CODE_SIGN_STYLE = Automatic;
				CURRENT_PROJECT_VERSION = 1;
				DEVELOPMENT_TEAM = 84Z6V3FJR8;
				GENERATE_INFOPLIST_FILE = YES;
				IPHONEOS_DEPLOYMENT_TARGET = 17.0;
				MARKETING_VERSION = 1.0;
				PRODUCT_BUNDLE_IDENTIFIER = "tobesoft.ABP-iOSTests";
				PRODUCT_NAME = "$(TARGET_NAME)";
				SWIFT_EMIT_LOC_STRINGS = NO;
				SWIFT_VERSION = 5.0;
				TARGETED_DEVICE_FAMILY = "1,2";
				TEST_HOST = "$(BUILT_PRODUCTS_DIR)/ABP_iOS.app/$(BUNDLE_EXECUTABLE_FOLDER_PATH)/ABP_iOS";
			};
			name = Debug;
		};
		5E47A7C32AC15D8600F67449 /* Release */ = {
			isa = XCBuildConfiguration;
			baseConfigurationReference = FBEA2DFD10C060BA7FE9988E /* Pods-ABP_iOSTests.release.xcconfig */;
			buildSettings = {
				ALWAYS_EMBED_SWIFT_STANDARD_LIBRARIES = YES;
				BUNDLE_LOADER = "$(TEST_HOST)";
				CODE_SIGN_STYLE = Automatic;
				CURRENT_PROJECT_VERSION = 1;
				DEVELOPMENT_TEAM = 84Z6V3FJR8;
				GENERATE_INFOPLIST_FILE = YES;
				IPHONEOS_DEPLOYMENT_TARGET = 17.0;
				MARKETING_VERSION = 1.0;
				PRODUCT_BUNDLE_IDENTIFIER = "tobesoft.ABP-iOSTests";
				PRODUCT_NAME = "$(TARGET_NAME)";
				SWIFT_EMIT_LOC_STRINGS = NO;
				SWIFT_VERSION = 5.0;
				TARGETED_DEVICE_FAMILY = "1,2";
				TEST_HOST = "$(BUILT_PRODUCTS_DIR)/ABP_iOS.app/$(BUNDLE_EXECUTABLE_FOLDER_PATH)/ABP_iOS";
			};
			name = Release;
		};
		5E47A7C52AC15D8600F67449 /* Debug */ = {
			isa = XCBuildConfiguration;
			baseConfigurationReference = 805651B29C5A76BFAB920F6F /* Pods-ABP_iOS-ABP_iOSUITests.debug.xcconfig */;
			buildSettings = {
				ALWAYS_EMBED_SWIFT_STANDARD_LIBRARIES = YES;
				CODE_SIGN_STYLE = Automatic;
				CURRENT_PROJECT_VERSION = 1;
				DEVELOPMENT_TEAM = 84Z6V3FJR8;
				GENERATE_INFOPLIST_FILE = YES;
				MARKETING_VERSION = 1.0;
				PRODUCT_BUNDLE_IDENTIFIER = "tobesoft.ABP-iOSUITests";
				PRODUCT_NAME = "$(TARGET_NAME)";
				SWIFT_EMIT_LOC_STRINGS = NO;
				SWIFT_VERSION = 5.0;
				TARGETED_DEVICE_FAMILY = "1,2";
				TEST_TARGET_NAME = ABP_iOS;
			};
			name = Debug;
		};
		5E47A7C62AC15D8600F67449 /* Release */ = {
			isa = XCBuildConfiguration;
			baseConfigurationReference = 4AA15919D2C79FB844CFF8C7 /* Pods-ABP_iOS-ABP_iOSUITests.release.xcconfig */;
			buildSettings = {
				ALWAYS_EMBED_SWIFT_STANDARD_LIBRARIES = YES;
				CODE_SIGN_STYLE = Automatic;
				CURRENT_PROJECT_VERSION = 1;
				DEVELOPMENT_TEAM = 84Z6V3FJR8;
				GENERATE_INFOPLIST_FILE = YES;
				MARKETING_VERSION = 1.0;
				PRODUCT_BUNDLE_IDENTIFIER = "tobesoft.ABP-iOSUITests";
				PRODUCT_NAME = "$(TARGET_NAME)";
				SWIFT_EMIT_LOC_STRINGS = NO;
				SWIFT_VERSION = 5.0;
				TARGETED_DEVICE_FAMILY = "1,2";
				TEST_TARGET_NAME = ABP_iOS;
			};
			name = Release;
		};
/* End XCBuildConfiguration section */

/* Begin XCConfigurationList section */
		5E47A78C2AC15D8400F67449 /* Build configuration list for PBXProject "ABP_iOS" */ = {
			isa = XCConfigurationList;
			buildConfigurations = (
				5E47A7BC2AC15D8600F67449 /* Debug */,
				5E47A7BD2AC15D8600F67449 /* Release */,
			);
			defaultConfigurationIsVisible = 0;
			defaultConfigurationName = Release;
		};
		5E47A7BE2AC15D8600F67449 /* Build configuration list for PBXNativeTarget "ABP_iOS" */ = {
			isa = XCConfigurationList;
			buildConfigurations = (
				5E47A7BF2AC15D8600F67449 /* Debug */,
				5E47A7C02AC15D8600F67449 /* Release */,
			);
			defaultConfigurationIsVisible = 0;
			defaultConfigurationName = Release;
		};
		5E47A7C12AC15D8600F67449 /* Build configuration list for PBXNativeTarget "ABP_iOSTests" */ = {
			isa = XCConfigurationList;
			buildConfigurations = (
				5E47A7C22AC15D8600F67449 /* Debug */,
				5E47A7C32AC15D8600F67449 /* Release */,
			);
			defaultConfigurationIsVisible = 0;
			defaultConfigurationName = Release;
		};
		5E47A7C42AC15D8600F67449 /* Build configuration list for PBXNativeTarget "ABP_iOSUITests" */ = {
			isa = XCConfigurationList;
			buildConfigurations = (
				5E47A7C52AC15D8600F67449 /* Debug */,
				5E47A7C62AC15D8600F67449 /* Release */,
			);
			defaultConfigurationIsVisible = 0;
			defaultConfigurationName = Release;
		};
/* End XCConfigurationList section */

/* Begin XCVersionGroup section */
		5E47A79D2AC15D8400F67449 /* ABP_iOS.xcdatamodeld */ = {
			isa = XCVersionGroup;
			children = (
				5E47A79E2AC15D8400F67449 /* ABP_iOS.xcdatamodel */,
			);
			currentVersion = 5E47A79E2AC15D8400F67449 /* ABP_iOS.xcdatamodel */;
			path = ABP_iOS.xcdatamodeld;
			sourceTree = "<group>";
			versionGroupType = wrapper.xcdatamodel;
		};
/* End XCVersionGroup section */
	};
	rootObject = 5E47A7892AC15D8400F67449 /* Project object */;
}
